// !$*UTF8*$!
{
	archiveVersion = 1;
	classes = {
	};
	objectVersion = 50;
	objects = {

/* Begin PBXBuildFile section */
		040E24A3219E32A900D09A78 /* EmergencyService.swift in Sources */ = {isa = PBXBuildFile; fileRef = 040E24A2219E32A900D09A78 /* EmergencyService.swift */; };
		042AA602219DCAAA00DB226F /* VisitedRegion.swift in Sources */ = {isa = PBXBuildFile; fileRef = 042AA601219DCAAA00DB226F /* VisitedRegion.swift */; };
		042AA604219DD40F00DB226F /* GPSUtils.swift in Sources */ = {isa = PBXBuildFile; fileRef = 042AA603219DD40E00DB226F /* GPSUtils.swift */; };
		04434CA32177A0B0001A85FA /* Beacon.swift in Sources */ = {isa = PBXBuildFile; fileRef = 04434CA22177A0B0001A85FA /* Beacon.swift */; };
		04434CA52177A1B1001A85FA /* Location.swift in Sources */ = {isa = PBXBuildFile; fileRef = 04434CA42177A1B1001A85FA /* Location.swift */; };
		04434CA82177A72C001A85FA /* Region.swift in Sources */ = {isa = PBXBuildFile; fileRef = 04434CA72177A72C001A85FA /* Region.swift */; };
		04434CAC2178CD85001A85FA /* Unmarshallable.swift in Sources */ = {isa = PBXBuildFile; fileRef = 04434CAB2178CD85001A85FA /* Unmarshallable.swift */; };
		044A2E2021737782007D3820 /* AppDelegate.swift in Sources */ = {isa = PBXBuildFile; fileRef = 044A2E1F21737782007D3820 /* AppDelegate.swift */; };
		044A2E2221737782007D3820 /* EventsViewController.swift in Sources */ = {isa = PBXBuildFile; fileRef = 044A2E2121737782007D3820 /* EventsViewController.swift */; };
		044A2E2521737782007D3820 /* Main.storyboard in Resources */ = {isa = PBXBuildFile; fileRef = 044A2E2321737782007D3820 /* Main.storyboard */; };
		044A2E2721737785007D3820 /* Assets.xcassets in Resources */ = {isa = PBXBuildFile; fileRef = 044A2E2621737785007D3820 /* Assets.xcassets */; };
		044A2E2A21737785007D3820 /* LaunchScreen.storyboard in Resources */ = {isa = PBXBuildFile; fileRef = 044A2E2821737785007D3820 /* LaunchScreen.storyboard */; };
		044A2E3521737785007D3820 /* rtfa_iosTests.swift in Sources */ = {isa = PBXBuildFile; fileRef = 044A2E3421737785007D3820 /* rtfa_iosTests.swift */; };
		045316792174B9B7007EAA3E /* LocationManager.swift in Sources */ = {isa = PBXBuildFile; fileRef = 045316782174B9B7007EAA3E /* LocationManager.swift */; };
		04573F2A2174C04A00DE6CE8 /* RegionService.swift in Sources */ = {isa = PBXBuildFile; fileRef = 04573F292174C04A00DE6CE8 /* RegionService.swift */; };
		04573F2C2174C12200DE6CE8 /* Constants.swift in Sources */ = {isa = PBXBuildFile; fileRef = 04573F2B2174C12200DE6CE8 /* Constants.swift */; };
		0477D52521AEED68006AC9F6 /* RegionBreakdownViewController.swift in Sources */ = {isa = PBXBuildFile; fileRef = 0477D52421AEED68006AC9F6 /* RegionBreakdownViewController.swift */; };
		0477D52721AF014E006AC9F6 /* RegionBreakdownService.swift in Sources */ = {isa = PBXBuildFile; fileRef = 0477D52621AF014E006AC9F6 /* RegionBreakdownService.swift */; };
		0477D52A21AF024D006AC9F6 /* RegionBreakdownTableViewCell.swift in Sources */ = {isa = PBXBuildFile; fileRef = 0477D52821AF024D006AC9F6 /* RegionBreakdownTableViewCell.swift */; };
		0477D52B21AF024D006AC9F6 /* RegionBreakdownTableViewCell.xib in Resources */ = {isa = PBXBuildFile; fileRef = 0477D52921AF024D006AC9F6 /* RegionBreakdownTableViewCell.xib */; };
		04A2C64C218B35DF00585BC4 /* EventDetailQueueTimeTableViewCell.swift in Sources */ = {isa = PBXBuildFile; fileRef = 04A2C64A218B35DF00585BC4 /* EventDetailQueueTimeTableViewCell.swift */; };
		04A2C64D218B35DF00585BC4 /* EventDetailQueueTimeTableViewCell.xib in Resources */ = {isa = PBXBuildFile; fileRef = 04A2C64B218B35DF00585BC4 /* EventDetailQueueTimeTableViewCell.xib */; };
		04A2C64F218B43AF00585BC4 /* RegionWaitTime.swift in Sources */ = {isa = PBXBuildFile; fileRef = 04A2C64E218B43AF00585BC4 /* RegionWaitTime.swift */; };
		04A2C651218B46DE00585BC4 /* RegionWaitTimeService.swift in Sources */ = {isa = PBXBuildFile; fileRef = 04A2C650218B46DE00585BC4 /* RegionWaitTimeService.swift */; };
		04EFF60F217A0E4B00C95725 /* Event.swift in Sources */ = {isa = PBXBuildFile; fileRef = 04EFF60E217A0E4B00C95725 /* Event.swift */; };
		04F7A10A21888A3D00B3F461 /* EventService.swift in Sources */ = {isa = PBXBuildFile; fileRef = 04F7A10921888A3D00B3F461 /* EventService.swift */; };
		04F7A10D2188910F00B3F461 /* EventTableViewCell.swift in Sources */ = {isa = PBXBuildFile; fileRef = 04F7A10B2188910F00B3F461 /* EventTableViewCell.swift */; };
		04F7A10E2188910F00B3F461 /* EventTableViewCell.xib in Resources */ = {isa = PBXBuildFile; fileRef = 04F7A10C2188910F00B3F461 /* EventTableViewCell.xib */; };
		04F7A1132189CB9600B3F461 /* EventTitleTableViewCell.swift in Sources */ = {isa = PBXBuildFile; fileRef = 04F7A1112189CB9600B3F461 /* EventTitleTableViewCell.swift */; };
		04F7A1142189CB9600B3F461 /* EventTitleTableViewCell.xib in Resources */ = {isa = PBXBuildFile; fileRef = 04F7A1122189CB9600B3F461 /* EventTitleTableViewCell.xib */; };
		04F7A1162189D94900B3F461 /* BaseObject.swift in Sources */ = {isa = PBXBuildFile; fileRef = 04F7A1152189D94900B3F461 /* BaseObject.swift */; };
		04F7A1182189ECB200B3F461 /* AttendingEvent.swift in Sources */ = {isa = PBXBuildFile; fileRef = 04F7A1172189ECB200B3F461 /* AttendingEvent.swift */; };
		04F7A11B218A07B300B3F461 /* EventDetailViewController.swift in Sources */ = {isa = PBXBuildFile; fileRef = 04F7A11A218A07B300B3F461 /* EventDetailViewController.swift */; };
		04F7A11D218A0A1D00B3F461 /* ActionButton.swift in Sources */ = {isa = PBXBuildFile; fileRef = 04F7A11C218A0A1D00B3F461 /* ActionButton.swift */; };
		109732B61CDCBF845BB42127 /* Pods_rtfa_ios.framework in Frameworks */ = {isa = PBXBuildFile; fileRef = 6457CFB596FCC879BCBEBEF5 /* Pods_rtfa_ios.framework */; };
		66832DA523C79FC9B38AAF5E /* Pods_rtfa_iosTests.framework in Frameworks */ = {isa = PBXBuildFile; fileRef = BD690C898A0E4C965CA9B065 /* Pods_rtfa_iosTests.framework */; };
/* End PBXBuildFile section */

/* Begin PBXContainerItemProxy section */
		044A2E3121737785007D3820 /* PBXContainerItemProxy */ = {
			isa = PBXContainerItemProxy;
			containerPortal = 044A2E1421737782007D3820 /* Project object */;
			proxyType = 1;
			remoteGlobalIDString = 044A2E1B21737782007D3820;
			remoteInfo = "rtfa-ios";
		};
/* End PBXContainerItemProxy section */

/* Begin PBXFileReference section */
		040E24A2219E32A900D09A78 /* EmergencyService.swift */ = {isa = PBXFileReference; lastKnownFileType = sourcecode.swift; path = EmergencyService.swift; sourceTree = "<group>"; };
		042AA601219DCAAA00DB226F /* VisitedRegion.swift */ = {isa = PBXFileReference; lastKnownFileType = sourcecode.swift; path = VisitedRegion.swift; sourceTree = "<group>"; };
		042AA603219DD40E00DB226F /* GPSUtils.swift */ = {isa = PBXFileReference; fileEncoding = 4; lastKnownFileType = sourcecode.swift; path = GPSUtils.swift; sourceTree = "<group>"; };
		04434CA22177A0B0001A85FA /* Beacon.swift */ = {isa = PBXFileReference; lastKnownFileType = sourcecode.swift; path = Beacon.swift; sourceTree = "<group>"; };
		04434CA42177A1B1001A85FA /* Location.swift */ = {isa = PBXFileReference; lastKnownFileType = sourcecode.swift; path = Location.swift; sourceTree = "<group>"; };
		04434CA72177A72C001A85FA /* Region.swift */ = {isa = PBXFileReference; lastKnownFileType = sourcecode.swift; path = Region.swift; sourceTree = "<group>"; };
		04434CAB2178CD85001A85FA /* Unmarshallable.swift */ = {isa = PBXFileReference; lastKnownFileType = sourcecode.swift; path = Unmarshallable.swift; sourceTree = "<group>"; };
		044A2E1C21737782007D3820 /* rtfa-ios.app */ = {isa = PBXFileReference; explicitFileType = wrapper.application; includeInIndex = 0; path = "rtfa-ios.app"; sourceTree = BUILT_PRODUCTS_DIR; };
		044A2E1F21737782007D3820 /* AppDelegate.swift */ = {isa = PBXFileReference; lastKnownFileType = sourcecode.swift; path = AppDelegate.swift; sourceTree = "<group>"; };
		044A2E2121737782007D3820 /* EventsViewController.swift */ = {isa = PBXFileReference; lastKnownFileType = sourcecode.swift; path = EventsViewController.swift; sourceTree = "<group>"; };
		044A2E2421737782007D3820 /* Base */ = {isa = PBXFileReference; lastKnownFileType = file.storyboard; name = Base; path = Base.lproj/Main.storyboard; sourceTree = "<group>"; };
		044A2E2621737785007D3820 /* Assets.xcassets */ = {isa = PBXFileReference; lastKnownFileType = folder.assetcatalog; path = Assets.xcassets; sourceTree = "<group>"; };
		044A2E2921737785007D3820 /* Base */ = {isa = PBXFileReference; lastKnownFileType = file.storyboard; name = Base; path = Base.lproj/LaunchScreen.storyboard; sourceTree = "<group>"; };
		044A2E2B21737785007D3820 /* Info.plist */ = {isa = PBXFileReference; lastKnownFileType = text.plist.xml; path = Info.plist; sourceTree = "<group>"; };
		044A2E3021737785007D3820 /* rtfa-iosTests.xctest */ = {isa = PBXFileReference; explicitFileType = wrapper.cfbundle; includeInIndex = 0; path = "rtfa-iosTests.xctest"; sourceTree = BUILT_PRODUCTS_DIR; };
		044A2E3421737785007D3820 /* rtfa_iosTests.swift */ = {isa = PBXFileReference; lastKnownFileType = sourcecode.swift; path = rtfa_iosTests.swift; sourceTree = "<group>"; };
		044A2E3621737785007D3820 /* Info.plist */ = {isa = PBXFileReference; lastKnownFileType = text.plist.xml; path = Info.plist; sourceTree = "<group>"; };
		045316782174B9B7007EAA3E /* LocationManager.swift */ = {isa = PBXFileReference; lastKnownFileType = sourcecode.swift; path = LocationManager.swift; sourceTree = "<group>"; };
		04573F262174BD5900DE6CE8 /* rtfa-ios-Bridging-Header.h */ = {isa = PBXFileReference; lastKnownFileType = sourcecode.c.h; path = "rtfa-ios-Bridging-Header.h"; sourceTree = "<group>"; };
		04573F292174C04A00DE6CE8 /* RegionService.swift */ = {isa = PBXFileReference; lastKnownFileType = sourcecode.swift; path = RegionService.swift; sourceTree = "<group>"; };
		04573F2B2174C12200DE6CE8 /* Constants.swift */ = {isa = PBXFileReference; lastKnownFileType = sourcecode.swift; path = Constants.swift; sourceTree = "<group>"; };
		0477D52221AEC480006AC9F6 /* rtfa-ios.entitlements */ = {isa = PBXFileReference; lastKnownFileType = text.plist.entitlements; path = "rtfa-ios.entitlements"; sourceTree = "<group>"; };
		0477D52421AEED68006AC9F6 /* RegionBreakdownViewController.swift */ = {isa = PBXFileReference; lastKnownFileType = sourcecode.swift; path = RegionBreakdownViewController.swift; sourceTree = "<group>"; };
		0477D52621AF014E006AC9F6 /* RegionBreakdownService.swift */ = {isa = PBXFileReference; lastKnownFileType = sourcecode.swift; path = RegionBreakdownService.swift; sourceTree = "<group>"; };
		0477D52821AF024D006AC9F6 /* RegionBreakdownTableViewCell.swift */ = {isa = PBXFileReference; lastKnownFileType = sourcecode.swift; path = RegionBreakdownTableViewCell.swift; sourceTree = "<group>"; };
		0477D52921AF024D006AC9F6 /* RegionBreakdownTableViewCell.xib */ = {isa = PBXFileReference; lastKnownFileType = file.xib; path = RegionBreakdownTableViewCell.xib; sourceTree = "<group>"; };
		04A2C64A218B35DF00585BC4 /* EventDetailQueueTimeTableViewCell.swift */ = {isa = PBXFileReference; lastKnownFileType = sourcecode.swift; path = EventDetailQueueTimeTableViewCell.swift; sourceTree = "<group>"; };
		04A2C64B218B35DF00585BC4 /* EventDetailQueueTimeTableViewCell.xib */ = {isa = PBXFileReference; lastKnownFileType = file.xib; path = EventDetailQueueTimeTableViewCell.xib; sourceTree = "<group>"; };
		04A2C64E218B43AF00585BC4 /* RegionWaitTime.swift */ = {isa = PBXFileReference; lastKnownFileType = sourcecode.swift; path = RegionWaitTime.swift; sourceTree = "<group>"; };
		04A2C650218B46DE00585BC4 /* RegionWaitTimeService.swift */ = {isa = PBXFileReference; lastKnownFileType = sourcecode.swift; path = RegionWaitTimeService.swift; sourceTree = "<group>"; };
		04EFF60E217A0E4B00C95725 /* Event.swift */ = {isa = PBXFileReference; lastKnownFileType = sourcecode.swift; path = Event.swift; sourceTree = "<group>"; };
		04F7A10921888A3D00B3F461 /* EventService.swift */ = {isa = PBXFileReference; lastKnownFileType = sourcecode.swift; path = EventService.swift; sourceTree = "<group>"; };
		04F7A10B2188910F00B3F461 /* EventTableViewCell.swift */ = {isa = PBXFileReference; lastKnownFileType = sourcecode.swift; path = EventTableViewCell.swift; sourceTree = "<group>"; };
		04F7A10C2188910F00B3F461 /* EventTableViewCell.xib */ = {isa = PBXFileReference; lastKnownFileType = file.xib; path = EventTableViewCell.xib; sourceTree = "<group>"; };
		04F7A1112189CB9600B3F461 /* EventTitleTableViewCell.swift */ = {isa = PBXFileReference; lastKnownFileType = sourcecode.swift; path = EventTitleTableViewCell.swift; sourceTree = "<group>"; };
		04F7A1122189CB9600B3F461 /* EventTitleTableViewCell.xib */ = {isa = PBXFileReference; lastKnownFileType = file.xib; path = EventTitleTableViewCell.xib; sourceTree = "<group>"; };
		04F7A1152189D94900B3F461 /* BaseObject.swift */ = {isa = PBXFileReference; lastKnownFileType = sourcecode.swift; path = BaseObject.swift; sourceTree = "<group>"; };
		04F7A1172189ECB200B3F461 /* AttendingEvent.swift */ = {isa = PBXFileReference; lastKnownFileType = sourcecode.swift; path = AttendingEvent.swift; sourceTree = "<group>"; };
		04F7A11A218A07B300B3F461 /* EventDetailViewController.swift */ = {isa = PBXFileReference; lastKnownFileType = sourcecode.swift; path = EventDetailViewController.swift; sourceTree = "<group>"; };
		04F7A11C218A0A1D00B3F461 /* ActionButton.swift */ = {isa = PBXFileReference; lastKnownFileType = sourcecode.swift; path = ActionButton.swift; sourceTree = "<group>"; };
		6457CFB596FCC879BCBEBEF5 /* Pods_rtfa_ios.framework */ = {isa = PBXFileReference; explicitFileType = wrapper.framework; includeInIndex = 0; path = Pods_rtfa_ios.framework; sourceTree = BUILT_PRODUCTS_DIR; };
		800D0912C55E3121022476BE /* Pods-rtfa-ios.release.xcconfig */ = {isa = PBXFileReference; includeInIndex = 1; lastKnownFileType = text.xcconfig; name = "Pods-rtfa-ios.release.xcconfig"; path = "Pods/Target Support Files/Pods-rtfa-ios/Pods-rtfa-ios.release.xcconfig"; sourceTree = "<group>"; };
		BD690C898A0E4C965CA9B065 /* Pods_rtfa_iosTests.framework */ = {isa = PBXFileReference; explicitFileType = wrapper.framework; includeInIndex = 0; path = Pods_rtfa_iosTests.framework; sourceTree = BUILT_PRODUCTS_DIR; };
		CD49A06857106D0C1C0677A5 /* Pods-rtfa-ios.debug.xcconfig */ = {isa = PBXFileReference; includeInIndex = 1; lastKnownFileType = text.xcconfig; name = "Pods-rtfa-ios.debug.xcconfig"; path = "Pods/Target Support Files/Pods-rtfa-ios/Pods-rtfa-ios.debug.xcconfig"; sourceTree = "<group>"; };
		DE06CB8EB26071CC971E96D2 /* Pods-rtfa-iosTests.debug.xcconfig */ = {isa = PBXFileReference; includeInIndex = 1; lastKnownFileType = text.xcconfig; name = "Pods-rtfa-iosTests.debug.xcconfig"; path = "Pods/Target Support Files/Pods-rtfa-iosTests/Pods-rtfa-iosTests.debug.xcconfig"; sourceTree = "<group>"; };
		F226DED1E154724AA3A1618D /* Pods-rtfa-iosTests.release.xcconfig */ = {isa = PBXFileReference; includeInIndex = 1; lastKnownFileType = text.xcconfig; name = "Pods-rtfa-iosTests.release.xcconfig"; path = "Pods/Target Support Files/Pods-rtfa-iosTests/Pods-rtfa-iosTests.release.xcconfig"; sourceTree = "<group>"; };
/* End PBXFileReference section */

/* Begin PBXFrameworksBuildPhase section */
		044A2E1921737782007D3820 /* Frameworks */ = {
			isa = PBXFrameworksBuildPhase;
			buildActionMask = 2147483647;
			files = (
				109732B61CDCBF845BB42127 /* Pods_rtfa_ios.framework in Frameworks */,
			);
			runOnlyForDeploymentPostprocessing = 0;
		};
		044A2E2D21737785007D3820 /* Frameworks */ = {
			isa = PBXFrameworksBuildPhase;
			buildActionMask = 2147483647;
			files = (
				66832DA523C79FC9B38AAF5E /* Pods_rtfa_iosTests.framework in Frameworks */,
			);
			runOnlyForDeploymentPostprocessing = 0;
		};
/* End PBXFrameworksBuildPhase section */

/* Begin PBXGroup section */
		04434CA62177A40F001A85FA /* Models */ = {
			isa = PBXGroup;
			children = (
				04F7A1152189D94900B3F461 /* BaseObject.swift */,
				04434CAB2178CD85001A85FA /* Unmarshallable.swift */,
				04434CA72177A72C001A85FA /* Region.swift */,
				04434CA42177A1B1001A85FA /* Location.swift */,
				04434CA22177A0B0001A85FA /* Beacon.swift */,
				04EFF60E217A0E4B00C95725 /* Event.swift */,
				04F7A1172189ECB200B3F461 /* AttendingEvent.swift */,
				04A2C64E218B43AF00585BC4 /* RegionWaitTime.swift */,
				042AA601219DCAAA00DB226F /* VisitedRegion.swift */,
			);
			path = Models;
			sourceTree = "<group>";
		};
		044A2E1321737782007D3820 = {
			isa = PBXGroup;
			children = (
				044A2E1E21737782007D3820 /* rtfa-ios */,
				044A2E3321737785007D3820 /* rtfa-iosTests */,
				044A2E1D21737782007D3820 /* Products */,
				0C765788073B95343611A032 /* Pods */,
				20D860EA1B979CBB0353945F /* Frameworks */,
			);
			sourceTree = "<group>";
		};
		044A2E1D21737782007D3820 /* Products */ = {
			isa = PBXGroup;
			children = (
				044A2E1C21737782007D3820 /* rtfa-ios.app */,
				044A2E3021737785007D3820 /* rtfa-iosTests.xctest */,
			);
			name = Products;
			sourceTree = "<group>";
		};
		044A2E1E21737782007D3820 /* rtfa-ios */ = {
			isa = PBXGroup;
			children = (
				0477D52221AEC480006AC9F6 /* rtfa-ios.entitlements */,
				04573F2B2174C12200DE6CE8 /* Constants.swift */,
				045316782174B9B7007EAA3E /* LocationManager.swift */,
				042AA603219DD40E00DB226F /* GPSUtils.swift */,
				04F7A11E218A0A2100B3F461 /* UI */,
				04434CA62177A40F001A85FA /* Models */,
				04573F2D2174C14300DE6CE8 /* Services */,
				04F7A10F2188927500B3F461 /* Events */,
				04F7A119218A079100B3F461 /* Event Detail */,
				0477D52321AEED44006AC9F6 /* Region Breakdown */,
				044A2E1F21737782007D3820 /* AppDelegate.swift */,
				044A2E2321737782007D3820 /* Main.storyboard */,
				044A2E2621737785007D3820 /* Assets.xcassets */,
				044A2E2821737785007D3820 /* LaunchScreen.storyboard */,
				044A2E2B21737785007D3820 /* Info.plist */,
				04573F262174BD5900DE6CE8 /* rtfa-ios-Bridging-Header.h */,
			);
			path = "rtfa-ios";
			sourceTree = "<group>";
		};
		044A2E3321737785007D3820 /* rtfa-iosTests */ = {
			isa = PBXGroup;
			children = (
				044A2E3421737785007D3820 /* rtfa_iosTests.swift */,
				044A2E3621737785007D3820 /* Info.plist */,
			);
			path = "rtfa-iosTests";
			sourceTree = "<group>";
		};
		04573F2D2174C14300DE6CE8 /* Services */ = {
			isa = PBXGroup;
			children = (
				04F7A10921888A3D00B3F461 /* EventService.swift */,
				04573F292174C04A00DE6CE8 /* RegionService.swift */,
				040E24A2219E32A900D09A78 /* EmergencyService.swift */,
				04A2C650218B46DE00585BC4 /* RegionWaitTimeService.swift */,
				0477D52621AF014E006AC9F6 /* RegionBreakdownService.swift */,
			);
			path = Services;
			sourceTree = "<group>";
		};
		0477D52321AEED44006AC9F6 /* Region Breakdown */ = {
			isa = PBXGroup;
			children = (
				0477D52421AEED68006AC9F6 /* RegionBreakdownViewController.swift */,
				0477D52821AF024D006AC9F6 /* RegionBreakdownTableViewCell.swift */,
				0477D52921AF024D006AC9F6 /* RegionBreakdownTableViewCell.xib */,
			);
			path = "Region Breakdown";
			sourceTree = "<group>";
		};
		04F7A10F2188927500B3F461 /* Events */ = {
			isa = PBXGroup;
			children = (
				044A2E2121737782007D3820 /* EventsViewController.swift */,
				04F7A10B2188910F00B3F461 /* EventTableViewCell.swift */,
				04F7A10C2188910F00B3F461 /* EventTableViewCell.xib */,
				04F7A1112189CB9600B3F461 /* EventTitleTableViewCell.swift */,
				04F7A1122189CB9600B3F461 /* EventTitleTableViewCell.xib */,
			);
			path = Events;
			sourceTree = "<group>";
		};
		04F7A119218A079100B3F461 /* Event Detail */ = {
			isa = PBXGroup;
			children = (
				04F7A11A218A07B300B3F461 /* EventDetailViewController.swift */,
				04A2C64A218B35DF00585BC4 /* EventDetailQueueTimeTableViewCell.swift */,
				04A2C64B218B35DF00585BC4 /* EventDetailQueueTimeTableViewCell.xib */,
			);
			path = "Event Detail";
			sourceTree = "<group>";
		};
		04F7A11E218A0A2100B3F461 /* UI */ = {
			isa = PBXGroup;
			children = (
				04F7A11C218A0A1D00B3F461 /* ActionButton.swift */,
			);
			path = UI;
			sourceTree = "<group>";
		};
		0C765788073B95343611A032 /* Pods */ = {
			isa = PBXGroup;
			children = (
				CD49A06857106D0C1C0677A5 /* Pods-rtfa-ios.debug.xcconfig */,
				800D0912C55E3121022476BE /* Pods-rtfa-ios.release.xcconfig */,
				DE06CB8EB26071CC971E96D2 /* Pods-rtfa-iosTests.debug.xcconfig */,
				F226DED1E154724AA3A1618D /* Pods-rtfa-iosTests.release.xcconfig */,
			);
			name = Pods;
			sourceTree = "<group>";
		};
		20D860EA1B979CBB0353945F /* Frameworks */ = {
			isa = PBXGroup;
			children = (
				6457CFB596FCC879BCBEBEF5 /* Pods_rtfa_ios.framework */,
				BD690C898A0E4C965CA9B065 /* Pods_rtfa_iosTests.framework */,
			);
			name = Frameworks;
			sourceTree = "<group>";
		};
/* End PBXGroup section */

/* Begin PBXNativeTarget section */
		044A2E1B21737782007D3820 /* rtfa-ios */ = {
			isa = PBXNativeTarget;
			buildConfigurationList = 044A2E3921737785007D3820 /* Build configuration list for PBXNativeTarget "rtfa-ios" */;
			buildPhases = (
				35036EDE17D14A16BEB82B24 /* [CP] Check Pods Manifest.lock */,
				044A2E1821737782007D3820 /* Sources */,
				044A2E1921737782007D3820 /* Frameworks */,
				044A2E1A21737782007D3820 /* Resources */,
				4209185B667412E7D3A807E7 /* [CP] Embed Pods Frameworks */,
			);
			buildRules = (
			);
			dependencies = (
			);
			name = "rtfa-ios";
			productName = "rtfa-ios";
			productReference = 044A2E1C21737782007D3820 /* rtfa-ios.app */;
			productType = "com.apple.product-type.application";
		};
		044A2E2F21737785007D3820 /* rtfa-iosTests */ = {
			isa = PBXNativeTarget;
			buildConfigurationList = 044A2E3C21737785007D3820 /* Build configuration list for PBXNativeTarget "rtfa-iosTests" */;
			buildPhases = (
				62D1B05EB2E0CAB63B268962 /* [CP] Check Pods Manifest.lock */,
				044A2E2C21737785007D3820 /* Sources */,
				044A2E2D21737785007D3820 /* Frameworks */,
				044A2E2E21737785007D3820 /* Resources */,
			);
			buildRules = (
			);
			dependencies = (
				044A2E3221737785007D3820 /* PBXTargetDependency */,
			);
			name = "rtfa-iosTests";
			productName = "rtfa-iosTests";
			productReference = 044A2E3021737785007D3820 /* rtfa-iosTests.xctest */;
			productType = "com.apple.product-type.bundle.unit-test";
		};
/* End PBXNativeTarget section */

/* Begin PBXProject section */
		044A2E1421737782007D3820 /* Project object */ = {
			isa = PBXProject;
			attributes = {
				LastSwiftUpdateCheck = 1000;
				LastUpgradeCheck = 1000;
				ORGANIZATIONNAME = "Jack Chorley";
				TargetAttributes = {
					044A2E1B21737782007D3820 = {
						CreatedOnToolsVersion = 10.0;
						LastSwiftMigration = 1000;
						SystemCapabilities = {
							com.apple.BackgroundModes = {
								enabled = 1;
							};
							com.apple.Push = {
								enabled = 1;
							};
						};
					};
					044A2E2F21737785007D3820 = {
						CreatedOnToolsVersion = 10.0;
						TestTargetID = 044A2E1B21737782007D3820;
					};
				};
			};
			buildConfigurationList = 044A2E1721737782007D3820 /* Build configuration list for PBXProject "rtfa-ios" */;
			compatibilityVersion = "Xcode 9.3";
			developmentRegion = en;
			hasScannedForEncodings = 0;
			knownRegions = (
				en,
				Base,
			);
			mainGroup = 044A2E1321737782007D3820;
			productRefGroup = 044A2E1D21737782007D3820 /* Products */;
			projectDirPath = "";
			projectRoot = "";
			targets = (
				044A2E1B21737782007D3820 /* rtfa-ios */,
				044A2E2F21737785007D3820 /* rtfa-iosTests */,
			);
		};
/* End PBXProject section */

/* Begin PBXResourcesBuildPhase section */
		044A2E1A21737782007D3820 /* Resources */ = {
			isa = PBXResourcesBuildPhase;
			buildActionMask = 2147483647;
			files = (
				04F7A10E2188910F00B3F461 /* EventTableViewCell.xib in Resources */,
				0477D52B21AF024D006AC9F6 /* RegionBreakdownTableViewCell.xib in Resources */,
				044A2E2A21737785007D3820 /* LaunchScreen.storyboard in Resources */,
				04A2C64D218B35DF00585BC4 /* EventDetailQueueTimeTableViewCell.xib in Resources */,
				04F7A1142189CB9600B3F461 /* EventTitleTableViewCell.xib in Resources */,
				044A2E2721737785007D3820 /* Assets.xcassets in Resources */,
				044A2E2521737782007D3820 /* Main.storyboard in Resources */,
			);
			runOnlyForDeploymentPostprocessing = 0;
		};
		044A2E2E21737785007D3820 /* Resources */ = {
			isa = PBXResourcesBuildPhase;
			buildActionMask = 2147483647;
			files = (
			);
			runOnlyForDeploymentPostprocessing = 0;
		};
/* End PBXResourcesBuildPhase section */

/* Begin PBXShellScriptBuildPhase section */
		35036EDE17D14A16BEB82B24 /* [CP] Check Pods Manifest.lock */ = {
			isa = PBXShellScriptBuildPhase;
			buildActionMask = 2147483647;
			files = (
			);
			inputPaths = (
				"${PODS_PODFILE_DIR_PATH}/Podfile.lock",
				"${PODS_ROOT}/Manifest.lock",
			);
			name = "[CP] Check Pods Manifest.lock";
			outputPaths = (
				"$(DERIVED_FILE_DIR)/Pods-rtfa-ios-checkManifestLockResult.txt",
			);
			runOnlyForDeploymentPostprocessing = 0;
			shellPath = /bin/sh;
			shellScript = "diff \"${PODS_PODFILE_DIR_PATH}/Podfile.lock\" \"${PODS_ROOT}/Manifest.lock\" > /dev/null\nif [ $? != 0 ] ; then\n    # print error to STDERR\n    echo \"error: The sandbox is not in sync with the Podfile.lock. Run 'pod install' or update your CocoaPods installation.\" >&2\n    exit 1\nfi\n# This output is used by Xcode 'outputs' to avoid re-running this script phase.\necho \"SUCCESS\" > \"${SCRIPT_OUTPUT_FILE_0}\"\n";
			showEnvVarsInLog = 0;
		};
		4209185B667412E7D3A807E7 /* [CP] Embed Pods Frameworks */ = {
			isa = PBXShellScriptBuildPhase;
			buildActionMask = 2147483647;
			files = (
			);
			inputPaths = (
				"${SRCROOT}/Pods/Target Support Files/Pods-rtfa-ios/Pods-rtfa-ios-frameworks.sh",
				"${BUILT_PRODUCTS_DIR}/Alamofire/Alamofire.framework",
				"${BUILT_PRODUCTS_DIR}/Charts/Charts.framework",
				"${BUILT_PRODUCTS_DIR}/PushNotifications/PushNotifications.framework",
				"${BUILT_PRODUCTS_DIR}/Realm/Realm.framework",
				"${BUILT_PRODUCTS_DIR}/RealmSwift/RealmSwift.framework",
				"${BUILT_PRODUCTS_DIR}/SwiftDate/SwiftDate.framework",
				"${BUILT_PRODUCTS_DIR}/SwiftyJSON/SwiftyJSON.framework",
			);
			name = "[CP] Embed Pods Frameworks";
			outputPaths = (
				"${TARGET_BUILD_DIR}/${FRAMEWORKS_FOLDER_PATH}/Alamofire.framework",
				"${TARGET_BUILD_DIR}/${FRAMEWORKS_FOLDER_PATH}/Charts.framework",
				"${TARGET_BUILD_DIR}/${FRAMEWORKS_FOLDER_PATH}/PushNotifications.framework",
				"${TARGET_BUILD_DIR}/${FRAMEWORKS_FOLDER_PATH}/Realm.framework",
				"${TARGET_BUILD_DIR}/${FRAMEWORKS_FOLDER_PATH}/RealmSwift.framework",
				"${TARGET_BUILD_DIR}/${FRAMEWORKS_FOLDER_PATH}/SwiftDate.framework",
				"${TARGET_BUILD_DIR}/${FRAMEWORKS_FOLDER_PATH}/SwiftyJSON.framework",
			);
			runOnlyForDeploymentPostprocessing = 0;
			shellPath = /bin/sh;
			shellScript = "\"${SRCROOT}/Pods/Target Support Files/Pods-rtfa-ios/Pods-rtfa-ios-frameworks.sh\"\n";
			showEnvVarsInLog = 0;
		};
		62D1B05EB2E0CAB63B268962 /* [CP] Check Pods Manifest.lock */ = {
			isa = PBXShellScriptBuildPhase;
			buildActionMask = 2147483647;
			files = (
			);
			inputPaths = (
				"${PODS_PODFILE_DIR_PATH}/Podfile.lock",
				"${PODS_ROOT}/Manifest.lock",
			);
			name = "[CP] Check Pods Manifest.lock";
			outputPaths = (
				"$(DERIVED_FILE_DIR)/Pods-rtfa-iosTests-checkManifestLockResult.txt",
			);
			runOnlyForDeploymentPostprocessing = 0;
			shellPath = /bin/sh;
			shellScript = "diff \"${PODS_PODFILE_DIR_PATH}/Podfile.lock\" \"${PODS_ROOT}/Manifest.lock\" > /dev/null\nif [ $? != 0 ] ; then\n    # print error to STDERR\n    echo \"error: The sandbox is not in sync with the Podfile.lock. Run 'pod install' or update your CocoaPods installation.\" >&2\n    exit 1\nfi\n# This output is used by Xcode 'outputs' to avoid re-running this script phase.\necho \"SUCCESS\" > \"${SCRIPT_OUTPUT_FILE_0}\"\n";
			showEnvVarsInLog = 0;
		};
/* End PBXShellScriptBuildPhase section */

/* Begin PBXSourcesBuildPhase section */
		044A2E1821737782007D3820 /* Sources */ = {
			isa = PBXSourcesBuildPhase;
			buildActionMask = 2147483647;
			files = (
				04F7A10D2188910F00B3F461 /* EventTableViewCell.swift in Sources */,
				04573F2C2174C12200DE6CE8 /* Constants.swift in Sources */,
				042AA602219DCAAA00DB226F /* VisitedRegion.swift in Sources */,
				04A2C651218B46DE00585BC4 /* RegionWaitTimeService.swift in Sources */,
				044A2E2221737782007D3820 /* EventsViewController.swift in Sources */,
				040E24A3219E32A900D09A78 /* EmergencyService.swift in Sources */,
				0477D52721AF014E006AC9F6 /* RegionBreakdownService.swift in Sources */,
				0477D52521AEED68006AC9F6 /* RegionBreakdownViewController.swift in Sources */,
				044A2E2021737782007D3820 /* AppDelegate.swift in Sources */,
				04434CA82177A72C001A85FA /* Region.swift in Sources */,
				04F7A10A21888A3D00B3F461 /* EventService.swift in Sources */,
				04EFF60F217A0E4B00C95725 /* Event.swift in Sources */,
				04434CA52177A1B1001A85FA /* Location.swift in Sources */,
				04F7A1132189CB9600B3F461 /* EventTitleTableViewCell.swift in Sources */,
				045316792174B9B7007EAA3E /* LocationManager.swift in Sources */,
				04434CAC2178CD85001A85FA /* Unmarshallable.swift in Sources */,
				04A2C64F218B43AF00585BC4 /* RegionWaitTime.swift in Sources */,
				04F7A11D218A0A1D00B3F461 /* ActionButton.swift in Sources */,
				04F7A1162189D94900B3F461 /* BaseObject.swift in Sources */,
				0477D52A21AF024D006AC9F6 /* RegionBreakdownTableViewCell.swift in Sources */,
				04F7A1182189ECB200B3F461 /* AttendingEvent.swift in Sources */,
				04434CA32177A0B0001A85FA /* Beacon.swift in Sources */,
				04F7A11B218A07B300B3F461 /* EventDetailViewController.swift in Sources */,
				04A2C64C218B35DF00585BC4 /* EventDetailQueueTimeTableViewCell.swift in Sources */,
				042AA604219DD40F00DB226F /* GPSUtils.swift in Sources */,
				04573F2A2174C04A00DE6CE8 /* RegionService.swift in Sources */,
			);
			runOnlyForDeploymentPostprocessing = 0;
		};
		044A2E2C21737785007D3820 /* Sources */ = {
			isa = PBXSourcesBuildPhase;
			buildActionMask = 2147483647;
			files = (
				044A2E3521737785007D3820 /* rtfa_iosTests.swift in Sources */,
			);
			runOnlyForDeploymentPostprocessing = 0;
		};
/* End PBXSourcesBuildPhase section */

/* Begin PBXTargetDependency section */
		044A2E3221737785007D3820 /* PBXTargetDependency */ = {
			isa = PBXTargetDependency;
			target = 044A2E1B21737782007D3820 /* rtfa-ios */;
			targetProxy = 044A2E3121737785007D3820 /* PBXContainerItemProxy */;
		};
/* End PBXTargetDependency section */

/* Begin PBXVariantGroup section */
		044A2E2321737782007D3820 /* Main.storyboard */ = {
			isa = PBXVariantGroup;
			children = (
				044A2E2421737782007D3820 /* Base */,
			);
			name = Main.storyboard;
			sourceTree = "<group>";
		};
		044A2E2821737785007D3820 /* LaunchScreen.storyboard */ = {
			isa = PBXVariantGroup;
			children = (
				044A2E2921737785007D3820 /* Base */,
			);
			name = LaunchScreen.storyboard;
			sourceTree = "<group>";
		};
/* End PBXVariantGroup section */

/* Begin XCBuildConfiguration section */
		044A2E3721737785007D3820 /* Debug */ = {
			isa = XCBuildConfiguration;
			buildSettings = {
				ALWAYS_SEARCH_USER_PATHS = NO;
				CLANG_ANALYZER_NONNULL = YES;
				CLANG_ANALYZER_NUMBER_OBJECT_CONVERSION = YES_AGGRESSIVE;
				CLANG_CXX_LANGUAGE_STANDARD = "gnu++14";
				CLANG_CXX_LIBRARY = "libc++";
				CLANG_ENABLE_MODULES = YES;
				CLANG_ENABLE_OBJC_ARC = YES;
				CLANG_ENABLE_OBJC_WEAK = YES;
				CLANG_WARN_BLOCK_CAPTURE_AUTORELEASING = YES;
				CLANG_WARN_BOOL_CONVERSION = YES;
				CLANG_WARN_COMMA = YES;
				CLANG_WARN_CONSTANT_CONVERSION = YES;
				CLANG_WARN_DEPRECATED_OBJC_IMPLEMENTATIONS = YES;
				CLANG_WARN_DIRECT_OBJC_ISA_USAGE = YES_ERROR;
				CLANG_WARN_DOCUMENTATION_COMMENTS = YES;
				CLANG_WARN_EMPTY_BODY = YES;
				CLANG_WARN_ENUM_CONVERSION = YES;
				CLANG_WARN_INFINITE_RECURSION = YES;
				CLANG_WARN_INT_CONVERSION = YES;
				CLANG_WARN_NON_LITERAL_NULL_CONVERSION = YES;
				CLANG_WARN_OBJC_IMPLICIT_RETAIN_SELF = YES;
				CLANG_WARN_OBJC_LITERAL_CONVERSION = YES;
				CLANG_WARN_OBJC_ROOT_CLASS = YES_ERROR;
				CLANG_WARN_RANGE_LOOP_ANALYSIS = YES;
				CLANG_WARN_STRICT_PROTOTYPES = YES;
				CLANG_WARN_SUSPICIOUS_MOVE = YES;
				CLANG_WARN_UNGUARDED_AVAILABILITY = YES_AGGRESSIVE;
				CLANG_WARN_UNREACHABLE_CODE = YES;
				CLANG_WARN__DUPLICATE_METHOD_MATCH = YES;
				CODE_SIGN_IDENTITY = "iPhone Developer";
				COPY_PHASE_STRIP = NO;
				DEBUG_INFORMATION_FORMAT = dwarf;
				ENABLE_STRICT_OBJC_MSGSEND = YES;
				ENABLE_TESTABILITY = YES;
				GCC_C_LANGUAGE_STANDARD = gnu11;
				GCC_DYNAMIC_NO_PIC = NO;
				GCC_NO_COMMON_BLOCKS = YES;
				GCC_OPTIMIZATION_LEVEL = 0;
				GCC_PREPROCESSOR_DEFINITIONS = (
					"DEBUG=1",
					"$(inherited)",
				);
				GCC_WARN_64_TO_32_BIT_CONVERSION = YES;
				GCC_WARN_ABOUT_RETURN_TYPE = YES_ERROR;
				GCC_WARN_UNDECLARED_SELECTOR = YES;
				GCC_WARN_UNINITIALIZED_AUTOS = YES_AGGRESSIVE;
				GCC_WARN_UNUSED_FUNCTION = YES;
				GCC_WARN_UNUSED_VARIABLE = YES;
				IPHONEOS_DEPLOYMENT_TARGET = 12.0;
				MTL_ENABLE_DEBUG_INFO = INCLUDE_SOURCE;
				MTL_FAST_MATH = YES;
				ONLY_ACTIVE_ARCH = YES;
				SDKROOT = iphoneos;
				SWIFT_ACTIVE_COMPILATION_CONDITIONS = DEBUG;
				SWIFT_OPTIMIZATION_LEVEL = "-Onone";
			};
			name = Debug;
		};
		044A2E3821737785007D3820 /* Release */ = {
			isa = XCBuildConfiguration;
			buildSettings = {
				ALWAYS_SEARCH_USER_PATHS = NO;
				CLANG_ANALYZER_NONNULL = YES;
				CLANG_ANALYZER_NUMBER_OBJECT_CONVERSION = YES_AGGRESSIVE;
				CLANG_CXX_LANGUAGE_STANDARD = "gnu++14";
				CLANG_CXX_LIBRARY = "libc++";
				CLANG_ENABLE_MODULES = YES;
				CLANG_ENABLE_OBJC_ARC = YES;
				CLANG_ENABLE_OBJC_WEAK = YES;
				CLANG_WARN_BLOCK_CAPTURE_AUTORELEASING = YES;
				CLANG_WARN_BOOL_CONVERSION = YES;
				CLANG_WARN_COMMA = YES;
				CLANG_WARN_CONSTANT_CONVERSION = YES;
				CLANG_WARN_DEPRECATED_OBJC_IMPLEMENTATIONS = YES;
				CLANG_WARN_DIRECT_OBJC_ISA_USAGE = YES_ERROR;
				CLANG_WARN_DOCUMENTATION_COMMENTS = YES;
				CLANG_WARN_EMPTY_BODY = YES;
				CLANG_WARN_ENUM_CONVERSION = YES;
				CLANG_WARN_INFINITE_RECURSION = YES;
				CLANG_WARN_INT_CONVERSION = YES;
				CLANG_WARN_NON_LITERAL_NULL_CONVERSION = YES;
				CLANG_WARN_OBJC_IMPLICIT_RETAIN_SELF = YES;
				CLANG_WARN_OBJC_LITERAL_CONVERSION = YES;
				CLANG_WARN_OBJC_ROOT_CLASS = YES_ERROR;
				CLANG_WARN_RANGE_LOOP_ANALYSIS = YES;
				CLANG_WARN_STRICT_PROTOTYPES = YES;
				CLANG_WARN_SUSPICIOUS_MOVE = YES;
				CLANG_WARN_UNGUARDED_AVAILABILITY = YES_AGGRESSIVE;
				CLANG_WARN_UNREACHABLE_CODE = YES;
				CLANG_WARN__DUPLICATE_METHOD_MATCH = YES;
				CODE_SIGN_IDENTITY = "iPhone Developer";
				COPY_PHASE_STRIP = NO;
				DEBUG_INFORMATION_FORMAT = "dwarf-with-dsym";
				ENABLE_NS_ASSERTIONS = NO;
				ENABLE_STRICT_OBJC_MSGSEND = YES;
				GCC_C_LANGUAGE_STANDARD = gnu11;
				GCC_NO_COMMON_BLOCKS = YES;
				GCC_WARN_64_TO_32_BIT_CONVERSION = YES;
				GCC_WARN_ABOUT_RETURN_TYPE = YES_ERROR;
				GCC_WARN_UNDECLARED_SELECTOR = YES;
				GCC_WARN_UNINITIALIZED_AUTOS = YES_AGGRESSIVE;
				GCC_WARN_UNUSED_FUNCTION = YES;
				GCC_WARN_UNUSED_VARIABLE = YES;
				IPHONEOS_DEPLOYMENT_TARGET = 12.0;
				MTL_ENABLE_DEBUG_INFO = NO;
				MTL_FAST_MATH = YES;
				SDKROOT = iphoneos;
				SWIFT_COMPILATION_MODE = wholemodule;
				SWIFT_OPTIMIZATION_LEVEL = "-O";
				VALIDATE_PRODUCT = YES;
			};
			name = Release;
		};
		044A2E3A21737785007D3820 /* Debug */ = {
			isa = XCBuildConfiguration;
			baseConfigurationReference = CD49A06857106D0C1C0677A5 /* Pods-rtfa-ios.debug.xcconfig */;
			buildSettings = {
				ASSETCATALOG_COMPILER_APPICON_NAME = AppIcon;
				CLANG_ENABLE_MODULES = YES;
				CODE_SIGN_ENTITLEMENTS = "rtfa-ios/rtfa-ios.entitlements";
				CODE_SIGN_IDENTITY = "iPhone Developer";
				CODE_SIGN_STYLE = Automatic;
				DEVELOPMENT_TEAM = P56Y8WP9V9;
				INFOPLIST_FILE = "rtfa-ios/Info.plist";
				LD_RUNPATH_SEARCH_PATHS = (
					"$(inherited)",
					"@executable_path/Frameworks",
				);
				PRODUCT_BUNDLE_IDENTIFIER = "com.jdjack.rtfa-ios";
				PRODUCT_NAME = "$(TARGET_NAME)";
				PROVISIONING_PROFILE_SPECIFIER = "";
				SWIFT_OBJC_BRIDGING_HEADER = "rtfa-ios/rtfa-ios-Bridging-Header.h";
				SWIFT_OPTIMIZATION_LEVEL = "-Onone";
				SWIFT_VERSION = 4.2;
				TARGETED_DEVICE_FAMILY = "1,2";
			};
			name = Debug;
		};
		044A2E3B21737785007D3820 /* Release */ = {
			isa = XCBuildConfiguration;
			baseConfigurationReference = 800D0912C55E3121022476BE /* Pods-rtfa-ios.release.xcconfig */;
			buildSettings = {
				ASSETCATALOG_COMPILER_APPICON_NAME = AppIcon;
				CLANG_ENABLE_MODULES = YES;
				CODE_SIGN_ENTITLEMENTS = "rtfa-ios/rtfa-ios.entitlements";
				CODE_SIGN_IDENTITY = "iPhone Developer";
				CODE_SIGN_STYLE = Automatic;
				DEVELOPMENT_TEAM = P56Y8WP9V9;
				INFOPLIST_FILE = "rtfa-ios/Info.plist";
				LD_RUNPATH_SEARCH_PATHS = (
					"$(inherited)",
					"@executable_path/Frameworks",
				);
				PRODUCT_BUNDLE_IDENTIFIER = "com.jdjack.rtfa-ios";
				PRODUCT_NAME = "$(TARGET_NAME)";
				PROVISIONING_PROFILE_SPECIFIER = "";
				SWIFT_OBJC_BRIDGING_HEADER = "rtfa-ios/rtfa-ios-Bridging-Header.h";
				SWIFT_VERSION = 4.2;
				TARGETED_DEVICE_FAMILY = "1,2";
			};
			name = Release;
		};
		044A2E3D21737785007D3820 /* Debug */ = {
			isa = XCBuildConfiguration;
			baseConfigurationReference = DE06CB8EB26071CC971E96D2 /* Pods-rtfa-iosTests.debug.xcconfig */;
			buildSettings = {
				ALWAYS_EMBED_SWIFT_STANDARD_LIBRARIES = YES;
				BUNDLE_LOADER = "$(TEST_HOST)";
				CODE_SIGN_STYLE = Automatic;
				DEVELOPMENT_TEAM = P56Y8WP9V9;
				INFOPLIST_FILE = "rtfa-iosTests/Info.plist";
				LD_RUNPATH_SEARCH_PATHS = (
					"$(inherited)",
					"@executable_path/Frameworks",
					"@loader_path/Frameworks",
				);
				PRODUCT_BUNDLE_IDENTIFIER = "com.jdjack.rtfa-iosTests";
				PRODUCT_NAME = "$(TARGET_NAME)";
				SWIFT_VERSION = 4.2;
				TARGETED_DEVICE_FAMILY = "1,2";
				TEST_HOST = "$(BUILT_PRODUCTS_DIR)/rtfa-ios.app/rtfa-ios";
			};
			name = Debug;
		};
		044A2E3E21737785007D3820 /* Release */ = {
			isa = XCBuildConfiguration;
			baseConfigurationReference = F226DED1E154724AA3A1618D /* Pods-rtfa-iosTests.release.xcconfig */;
			buildSettings = {
				ALWAYS_EMBED_SWIFT_STANDARD_LIBRARIES = YES;
				BUNDLE_LOADER = "$(TEST_HOST)";
				CODE_SIGN_STYLE = Automatic;
				DEVELOPMENT_TEAM = P56Y8WP9V9;
				INFOPLIST_FILE = "rtfa-iosTests/Info.plist";
				LD_RUNPATH_SEARCH_PATHS = (
					"$(inherited)",
					"@executable_path/Frameworks",
					"@loader_path/Frameworks",
				);
				PRODUCT_BUNDLE_IDENTIFIER = "com.jdjack.rtfa-iosTests";
				PRODUCT_NAME = "$(TARGET_NAME)";
				SWIFT_VERSION = 4.2;
				TARGETED_DEVICE_FAMILY = "1,2";
				TEST_HOST = "$(BUILT_PRODUCTS_DIR)/rtfa-ios.app/rtfa-ios";
			};
			name = Release;
		};
/* End XCBuildConfiguration section */

/* Begin XCConfigurationList section */
		044A2E1721737782007D3820 /* Build configuration list for PBXProject "rtfa-ios" */ = {
			isa = XCConfigurationList;
			buildConfigurations = (
				044A2E3721737785007D3820 /* Debug */,
				044A2E3821737785007D3820 /* Release */,
			);
			defaultConfigurationIsVisible = 0;
			defaultConfigurationName = Release;
		};
		044A2E3921737785007D3820 /* Build configuration list for PBXNativeTarget "rtfa-ios" */ = {
			isa = XCConfigurationList;
			buildConfigurations = (
				044A2E3A21737785007D3820 /* Debug */,
				044A2E3B21737785007D3820 /* Release */,
			);
			defaultConfigurationIsVisible = 0;
			defaultConfigurationName = Release;
		};
		044A2E3C21737785007D3820 /* Build configuration list for PBXNativeTarget "rtfa-iosTests" */ = {
			isa = XCConfigurationList;
			buildConfigurations = (
				044A2E3D21737785007D3820 /* Debug */,
				044A2E3E21737785007D3820 /* Release */,
			);
			defaultConfigurationIsVisible = 0;
			defaultConfigurationName = Release;
		};
/* End XCConfigurationList section */
	};
	rootObject = 044A2E1421737782007D3820 /* Project object */;
}
